// !$*UTF8*$!
{
	archiveVersion = 1;
	classes = {
	};
	objectVersion = 50;
	objects = {

/* Begin PBXBuildFile section */
		F8157A0523FBA94900FD864C /* AppDelegate.swift in Sources */ = {isa = PBXBuildFile; fileRef = F8157A0423FBA94900FD864C /* AppDelegate.swift */; };
		F8157A0723FBA94900FD864C /* SceneDelegate.swift in Sources */ = {isa = PBXBuildFile; fileRef = F8157A0623FBA94900FD864C /* SceneDelegate.swift */; };
		F8157A0C23FBA94900FD864C /* Main.storyboard in Resources */ = {isa = PBXBuildFile; fileRef = F8157A0A23FBA94900FD864C /* Main.storyboard */; };
		F8157A0E23FBA94B00FD864C /* Assets.xcassets in Resources */ = {isa = PBXBuildFile; fileRef = F8157A0D23FBA94B00FD864C /* Assets.xcassets */; };
		F8157A1123FBA94B00FD864C /* LaunchScreen.storyboard in Resources */ = {isa = PBXBuildFile; fileRef = F8157A0F23FBA94B00FD864C /* LaunchScreen.storyboard */; };
		F8157A1C23FBA94B00FD864C /* thesisTests.swift in Sources */ = {isa = PBXBuildFile; fileRef = F8157A1B23FBA94B00FD864C /* thesisTests.swift */; };
		F8157A2723FBA94C00FD864C /* thesisUITests.swift in Sources */ = {isa = PBXBuildFile; fileRef = F8157A2623FBA94C00FD864C /* thesisUITests.swift */; };
		F8157A3923FBBD1200FD864C /* Recognize.swift in Sources */ = {isa = PBXBuildFile; fileRef = F8157A3823FBBD1200FD864C /* Recognize.swift */; };
		F8157A3D23FBD6AE00FD864C /* DeviceInput.swift in Sources */ = {isa = PBXBuildFile; fileRef = F8157A3C23FBD6AE00FD864C /* DeviceInput.swift */; };
		F86BECA424173E4900809248 /* Localizable.swift in Sources */ = {isa = PBXBuildFile; fileRef = F86BECA324173E4900809248 /* Localizable.swift */; };
		F86BECA724173E9400809248 /* Localizable.strings in Resources */ = {isa = PBXBuildFile; fileRef = F86BECA924173E9400809248 /* Localizable.strings */; };
		F86F7F3223FFD2790031D7BC /* GetIp.swift in Sources */ = {isa = PBXBuildFile; fileRef = F86F7F3123FFD2790031D7BC /* GetIp.swift */; };
		F86F7F3424001D8D0031D7BC /* CaptureManager.swift in Sources */ = {isa = PBXBuildFile; fileRef = F86F7F3324001D8D0031D7BC /* CaptureManager.swift */; };
/* End PBXBuildFile section */

/* Begin PBXContainerItemProxy section */
		F8157A1823FBA94B00FD864C /* PBXContainerItemProxy */ = {
			isa = PBXContainerItemProxy;
			containerPortal = F81579F923FBA94900FD864C /* Project object */;
			proxyType = 1;
			remoteGlobalIDString = F8157A0023FBA94900FD864C;
			remoteInfo = thesis;
		};
		F8157A2323FBA94C00FD864C /* PBXContainerItemProxy */ = {
			isa = PBXContainerItemProxy;
			containerPortal = F81579F923FBA94900FD864C /* Project object */;
			proxyType = 1;
			remoteGlobalIDString = F8157A0023FBA94900FD864C;
			remoteInfo = thesis;
		};
/* End PBXContainerItemProxy section */

/* Begin PBXFileReference section */
		F8157A0123FBA94900FD864C /* Recog Me.app */ = {isa = PBXFileReference; explicitFileType = wrapper.application; includeInIndex = 0; path = "Recog Me.app"; sourceTree = BUILT_PRODUCTS_DIR; };
		F8157A0423FBA94900FD864C /* AppDelegate.swift */ = {isa = PBXFileReference; lastKnownFileType = sourcecode.swift; path = AppDelegate.swift; sourceTree = "<group>"; };
		F8157A0623FBA94900FD864C /* SceneDelegate.swift */ = {isa = PBXFileReference; lastKnownFileType = sourcecode.swift; path = SceneDelegate.swift; sourceTree = "<group>"; };
		F8157A0B23FBA94900FD864C /* Base */ = {isa = PBXFileReference; lastKnownFileType = file.storyboard; name = Base; path = Base.lproj/Main.storyboard; sourceTree = "<group>"; };
		F8157A0D23FBA94B00FD864C /* Assets.xcassets */ = {isa = PBXFileReference; lastKnownFileType = folder.assetcatalog; path = Assets.xcassets; sourceTree = "<group>"; };
		F8157A1023FBA94B00FD864C /* Base */ = {isa = PBXFileReference; lastKnownFileType = file.storyboard; name = Base; path = Base.lproj/LaunchScreen.storyboard; sourceTree = "<group>"; };
		F8157A1223FBA94B00FD864C /* Info.plist */ = {isa = PBXFileReference; lastKnownFileType = text.plist.xml; path = Info.plist; sourceTree = "<group>"; };
		F8157A1723FBA94B00FD864C /* thesisTests.xctest */ = {isa = PBXFileReference; explicitFileType = wrapper.cfbundle; includeInIndex = 0; path = thesisTests.xctest; sourceTree = BUILT_PRODUCTS_DIR; };
		F8157A1B23FBA94B00FD864C /* thesisTests.swift */ = {isa = PBXFileReference; lastKnownFileType = sourcecode.swift; path = thesisTests.swift; sourceTree = "<group>"; };
		F8157A1D23FBA94B00FD864C /* Info.plist */ = {isa = PBXFileReference; lastKnownFileType = text.plist.xml; path = Info.plist; sourceTree = "<group>"; };
		F8157A2223FBA94C00FD864C /* thesisUITests.xctest */ = {isa = PBXFileReference; explicitFileType = wrapper.cfbundle; includeInIndex = 0; path = thesisUITests.xctest; sourceTree = BUILT_PRODUCTS_DIR; };
		F8157A2623FBA94C00FD864C /* thesisUITests.swift */ = {isa = PBXFileReference; lastKnownFileType = sourcecode.swift; path = thesisUITests.swift; sourceTree = "<group>"; };
		F8157A2823FBA94C00FD864C /* Info.plist */ = {isa = PBXFileReference; lastKnownFileType = text.plist.xml; path = Info.plist; sourceTree = "<group>"; };
		F8157A3823FBBD1200FD864C /* Recognize.swift */ = {isa = PBXFileReference; lastKnownFileType = sourcecode.swift; path = Recognize.swift; sourceTree = "<group>"; };
		F8157A3C23FBD6AE00FD864C /* DeviceInput.swift */ = {isa = PBXFileReference; lastKnownFileType = sourcecode.swift; path = DeviceInput.swift; sourceTree = "<group>"; };
		F86BECA324173E4900809248 /* Localizable.swift */ = {isa = PBXFileReference; lastKnownFileType = sourcecode.swift; path = Localizable.swift; sourceTree = "<group>"; };
		F86BECA824173E9400809248 /* en */ = {isa = PBXFileReference; lastKnownFileType = text.plist.strings; name = en; path = en.lproj/Localizable.strings; sourceTree = "<group>"; };
		F86BECAA24173EE900809248 /* zh-Hant */ = {isa = PBXFileReference; lastKnownFileType = text.plist.strings; name = "zh-Hant"; path = "zh-Hant.lproj/Localizable.strings"; sourceTree = "<group>"; };
		F86F7F3123FFD2790031D7BC /* GetIp.swift */ = {isa = PBXFileReference; lastKnownFileType = sourcecode.swift; path = GetIp.swift; sourceTree = "<group>"; };
		F86F7F3324001D8D0031D7BC /* CaptureManager.swift */ = {isa = PBXFileReference; lastKnownFileType = sourcecode.swift; path = CaptureManager.swift; sourceTree = "<group>"; };
/* End PBXFileReference section */

/* Begin PBXFrameworksBuildPhase section */
		F81579FE23FBA94900FD864C /* Frameworks */ = {
			isa = PBXFrameworksBuildPhase;
			buildActionMask = 2147483647;
			files = (
			);
			runOnlyForDeploymentPostprocessing = 0;
		};
		F8157A1423FBA94B00FD864C /* Frameworks */ = {
			isa = PBXFrameworksBuildPhase;
			buildActionMask = 2147483647;
			files = (
			);
			runOnlyForDeploymentPostprocessing = 0;
		};
		F8157A1F23FBA94C00FD864C /* Frameworks */ = {
			isa = PBXFrameworksBuildPhase;
			buildActionMask = 2147483647;
			files = (
			);
			runOnlyForDeploymentPostprocessing = 0;
		};
/* End PBXFrameworksBuildPhase section */

/* Begin PBXGroup section */
		F81579F823FBA94900FD864C = {
			isa = PBXGroup;
			children = (
				F8157A0323FBA94900FD864C /* thesis */,
				F8157A1A23FBA94B00FD864C /* thesisTests */,
				F8157A2523FBA94C00FD864C /* thesisUITests */,
				F8157A0223FBA94900FD864C /* Products */,
			);
			sourceTree = "<group>";
		};
		F8157A0223FBA94900FD864C /* Products */ = {
			isa = PBXGroup;
			children = (
				F8157A0123FBA94900FD864C /* Recog Me.app */,
				F8157A1723FBA94B00FD864C /* thesisTests.xctest */,
				F8157A2223FBA94C00FD864C /* thesisUITests.xctest */,
			);
			name = Products;
			sourceTree = "<group>";
		};
		F8157A0323FBA94900FD864C /* thesis */ = {
			isa = PBXGroup;
			children = (
				F8157A0423FBA94900FD864C /* AppDelegate.swift */,
				F8157A0623FBA94900FD864C /* SceneDelegate.swift */,
				F8157A0A23FBA94900FD864C /* Main.storyboard */,
				F8157A0D23FBA94B00FD864C /* Assets.xcassets */,
				F8157A0F23FBA94B00FD864C /* LaunchScreen.storyboard */,
				F8157A1223FBA94B00FD864C /* Info.plist */,
				F8157A3823FBBD1200FD864C /* Recognize.swift */,
				F8157A3C23FBD6AE00FD864C /* DeviceInput.swift */,
				F86F7F3123FFD2790031D7BC /* GetIp.swift */,
				F86F7F3324001D8D0031D7BC /* CaptureManager.swift */,
				F86BECA324173E4900809248 /* Localizable.swift */,
				F86BECA924173E9400809248 /* Localizable.strings */,
			);
			path = thesis;
			sourceTree = "<group>";
		};
		F8157A1A23FBA94B00FD864C /* thesisTests */ = {
			isa = PBXGroup;
			children = (
				F8157A1B23FBA94B00FD864C /* thesisTests.swift */,
				F8157A1D23FBA94B00FD864C /* Info.plist */,
			);
			path = thesisTests;
			sourceTree = "<group>";
		};
		F8157A2523FBA94C00FD864C /* thesisUITests */ = {
			isa = PBXGroup;
			children = (
				F8157A2623FBA94C00FD864C /* thesisUITests.swift */,
				F8157A2823FBA94C00FD864C /* Info.plist */,
			);
			path = thesisUITests;
			sourceTree = "<group>";
		};
/* End PBXGroup section */

/* Begin PBXNativeTarget section */
		F8157A0023FBA94900FD864C /* thesis */ = {
			isa = PBXNativeTarget;
			buildConfigurationList = F8157A2B23FBA94C00FD864C /* Build configuration list for PBXNativeTarget "thesis" */;
			buildPhases = (
				F81579FD23FBA94900FD864C /* Sources */,
				F81579FE23FBA94900FD864C /* Frameworks */,
				F81579FF23FBA94900FD864C /* Resources */,
			);
			buildRules = (
			);
			dependencies = (
			);
			name = thesis;
			productName = thesis;
			productReference = F8157A0123FBA94900FD864C /* Recog Me.app */;
			productType = "com.apple.product-type.application";
		};
		F8157A1623FBA94B00FD864C /* thesisTests */ = {
			isa = PBXNativeTarget;
			buildConfigurationList = F8157A2E23FBA94C00FD864C /* Build configuration list for PBXNativeTarget "thesisTests" */;
			buildPhases = (
				F8157A1323FBA94B00FD864C /* Sources */,
				F8157A1423FBA94B00FD864C /* Frameworks */,
				F8157A1523FBA94B00FD864C /* Resources */,
			);
			buildRules = (
			);
			dependencies = (
				F8157A1923FBA94B00FD864C /* PBXTargetDependency */,
			);
			name = thesisTests;
			productName = thesisTests;
			productReference = F8157A1723FBA94B00FD864C /* thesisTests.xctest */;
			productType = "com.apple.product-type.bundle.unit-test";
		};
		F8157A2123FBA94C00FD864C /* thesisUITests */ = {
			isa = PBXNativeTarget;
			buildConfigurationList = F8157A3123FBA94C00FD864C /* Build configuration list for PBXNativeTarget "thesisUITests" */;
			buildPhases = (
				F8157A1E23FBA94C00FD864C /* Sources */,
				F8157A1F23FBA94C00FD864C /* Frameworks */,
				F8157A2023FBA94C00FD864C /* Resources */,
			);
			buildRules = (
			);
			dependencies = (
				F8157A2423FBA94C00FD864C /* PBXTargetDependency */,
			);
			name = thesisUITests;
			productName = thesisUITests;
			productReference = F8157A2223FBA94C00FD864C /* thesisUITests.xctest */;
			productType = "com.apple.product-type.bundle.ui-testing";
		};
/* End PBXNativeTarget section */

/* Begin PBXProject section */
		F81579F923FBA94900FD864C /* Project object */ = {
			isa = PBXProject;
			attributes = {
				LastSwiftUpdateCheck = 1120;
				LastUpgradeCheck = 1120;
				ORGANIZATIONNAME = 41;
				TargetAttributes = {
					F8157A0023FBA94900FD864C = {
						CreatedOnToolsVersion = 11.2;
					};
					F8157A1623FBA94B00FD864C = {
						CreatedOnToolsVersion = 11.2;
						TestTargetID = F8157A0023FBA94900FD864C;
					};
					F8157A2123FBA94C00FD864C = {
						CreatedOnToolsVersion = 11.2;
						TestTargetID = F8157A0023FBA94900FD864C;
					};
				};
			};
			buildConfigurationList = F81579FC23FBA94900FD864C /* Build configuration list for PBXProject "thesis" */;
			compatibilityVersion = "Xcode 9.3";
			developmentRegion = en;
			hasScannedForEncodings = 0;
			knownRegions = (
				en,
				Base,
				"zh-Hant",
			);
			mainGroup = F81579F823FBA94900FD864C;
			productRefGroup = F8157A0223FBA94900FD864C /* Products */;
			projectDirPath = "";
			projectRoot = "";
			targets = (
				F8157A0023FBA94900FD864C /* thesis */,
				F8157A1623FBA94B00FD864C /* thesisTests */,
				F8157A2123FBA94C00FD864C /* thesisUITests */,
			);
		};
/* End PBXProject section */

/* Begin PBXResourcesBuildPhase section */
		F81579FF23FBA94900FD864C /* Resources */ = {
			isa = PBXResourcesBuildPhase;
			buildActionMask = 2147483647;
			files = (
				F8157A1123FBA94B00FD864C /* LaunchScreen.storyboard in Resources */,
				F86BECA724173E9400809248 /* Localizable.strings in Resources */,
				F8157A0E23FBA94B00FD864C /* Assets.xcassets in Resources */,
				F8157A0C23FBA94900FD864C /* Main.storyboard in Resources */,
			);
			runOnlyForDeploymentPostprocessing = 0;
		};
		F8157A1523FBA94B00FD864C /* Resources */ = {
			isa = PBXResourcesBuildPhase;
			buildActionMask = 2147483647;
			files = (
			);
			runOnlyForDeploymentPostprocessing = 0;
		};
		F8157A2023FBA94C00FD864C /* Resources */ = {
			isa = PBXResourcesBuildPhase;
			buildActionMask = 2147483647;
			files = (
			);
			runOnlyForDeploymentPostprocessing = 0;
		};
/* End PBXResourcesBuildPhase section */

/* Begin PBXSourcesBuildPhase section */
		F81579FD23FBA94900FD864C /* Sources */ = {
			isa = PBXSourcesBuildPhase;
			buildActionMask = 2147483647;
			files = (
				F8157A0523FBA94900FD864C /* AppDelegate.swift in Sources */,
				F8157A0723FBA94900FD864C /* SceneDelegate.swift in Sources */,
				F86F7F3223FFD2790031D7BC /* GetIp.swift in Sources */,
				F8157A3D23FBD6AE00FD864C /* DeviceInput.swift in Sources */,
				F86F7F3424001D8D0031D7BC /* CaptureManager.swift in Sources */,
				F86BECA424173E4900809248 /* Localizable.swift in Sources */,
				F8157A3923FBBD1200FD864C /* Recognize.swift in Sources */,
			);
			runOnlyForDeploymentPostprocessing = 0;
		};
		F8157A1323FBA94B00FD864C /* Sources */ = {
			isa = PBXSourcesBuildPhase;
			buildActionMask = 2147483647;
			files = (
				F8157A1C23FBA94B00FD864C /* thesisTests.swift in Sources */,
			);
			runOnlyForDeploymentPostprocessing = 0;
		};
		F8157A1E23FBA94C00FD864C /* Sources */ = {
			isa = PBXSourcesBuildPhase;
			buildActionMask = 2147483647;
			files = (
				F8157A2723FBA94C00FD864C /* thesisUITests.swift in Sources */,
			);
			runOnlyForDeploymentPostprocessing = 0;
		};
/* End PBXSourcesBuildPhase section */

/* Begin PBXTargetDependency section */
		F8157A1923FBA94B00FD864C /* PBXTargetDependency */ = {
			isa = PBXTargetDependency;
			target = F8157A0023FBA94900FD864C /* thesis */;
			targetProxy = F8157A1823FBA94B00FD864C /* PBXContainerItemProxy */;
		};
		F8157A2423FBA94C00FD864C /* PBXTargetDependency */ = {
			isa = PBXTargetDependency;
			target = F8157A0023FBA94900FD864C /* thesis */;
			targetProxy = F8157A2323FBA94C00FD864C /* PBXContainerItemProxy */;
		};
/* End PBXTargetDependency section */

/* Begin PBXVariantGroup section */
		F8157A0A23FBA94900FD864C /* Main.storyboard */ = {
			isa = PBXVariantGroup;
			children = (
				F8157A0B23FBA94900FD864C /* Base */,
			);
			name = Main.storyboard;
			sourceTree = "<group>";
		};
		F8157A0F23FBA94B00FD864C /* LaunchScreen.storyboard */ = {
			isa = PBXVariantGroup;
			children = (
				F8157A1023FBA94B00FD864C /* Base */,
			);
			name = LaunchScreen.storyboard;
			sourceTree = "<group>";
		};
		F86BECA924173E9400809248 /* Localizable.strings */ = {
			isa = PBXVariantGroup;
			children = (
				F86BECA824173E9400809248 /* en */,
				F86BECAA24173EE900809248 /* zh-Hant */,
			);
			name = Localizable.strings;
			sourceTree = "<group>";
		};
/* End PBXVariantGroup section */

/* Begin XCBuildConfiguration section */
		F8157A2923FBA94C00FD864C /* Debug */ = {
			isa = XCBuildConfiguration;
			buildSettings = {
				ALWAYS_SEARCH_USER_PATHS = NO;
				CLANG_ANALYZER_LOCALIZABILITY_NONLOCALIZED = YES;
				CLANG_ANALYZER_NONNULL = YES;
				CLANG_ANALYZER_NUMBER_OBJECT_CONVERSION = YES_AGGRESSIVE;
				CLANG_CXX_LANGUAGE_STANDARD = "gnu++14";
				CLANG_CXX_LIBRARY = "libc++";
				CLANG_ENABLE_MODULES = YES;
				CLANG_ENABLE_OBJC_ARC = YES;
				CLANG_ENABLE_OBJC_WEAK = YES;
				CLANG_WARN_BLOCK_CAPTURE_AUTORELEASING = YES;
				CLANG_WARN_BOOL_CONVERSION = YES;
				CLANG_WARN_COMMA = YES;
				CLANG_WARN_CONSTANT_CONVERSION = YES;
				CLANG_WARN_DEPRECATED_OBJC_IMPLEMENTATIONS = YES;
				CLANG_WARN_DIRECT_OBJC_ISA_USAGE = YES_ERROR;
				CLANG_WARN_DOCUMENTATION_COMMENTS = YES;
				CLANG_WARN_EMPTY_BODY = YES;
				CLANG_WARN_ENUM_CONVERSION = YES;
				CLANG_WARN_INFINITE_RECURSION = YES;
				CLANG_WARN_INT_CONVERSION = YES;
				CLANG_WARN_NON_LITERAL_NULL_CONVERSION = YES;
				CLANG_WARN_OBJC_IMPLICIT_RETAIN_SELF = YES;
				CLANG_WARN_OBJC_LITERAL_CONVERSION = YES;
				CLANG_WARN_OBJC_ROOT_CLASS = YES_ERROR;
				CLANG_WARN_RANGE_LOOP_ANALYSIS = YES;
				CLANG_WARN_STRICT_PROTOTYPES = YES;
				CLANG_WARN_SUSPICIOUS_MOVE = YES;
				CLANG_WARN_UNGUARDED_AVAILABILITY = YES_AGGRESSIVE;
				CLANG_WARN_UNREACHABLE_CODE = YES;
				CLANG_WARN__DUPLICATE_METHOD_MATCH = YES;
				COPY_PHASE_STRIP = NO;
				DEBUG_INFORMATION_FORMAT = dwarf;
				ENABLE_STRICT_OBJC_MSGSEND = YES;
				ENABLE_TESTABILITY = YES;
				GCC_C_LANGUAGE_STANDARD = gnu11;
				GCC_DYNAMIC_NO_PIC = NO;
				GCC_NO_COMMON_BLOCKS = YES;
				GCC_OPTIMIZATION_LEVEL = 0;
				GCC_PREPROCESSOR_DEFINITIONS = (
					"DEBUG=1",
					"$(inherited)",
				);
				GCC_WARN_64_TO_32_BIT_CONVERSION = YES;
				GCC_WARN_ABOUT_RETURN_TYPE = YES_ERROR;
				GCC_WARN_UNDECLARED_SELECTOR = YES;
				GCC_WARN_UNINITIALIZED_AUTOS = YES_AGGRESSIVE;
				GCC_WARN_UNUSED_FUNCTION = YES;
				GCC_WARN_UNUSED_VARIABLE = YES;
				IPHONEOS_DEPLOYMENT_TARGET = 13.2;
				MTL_ENABLE_DEBUG_INFO = INCLUDE_SOURCE;
				MTL_FAST_MATH = YES;
				ONLY_ACTIVE_ARCH = YES;
				SDKROOT = iphoneos;
				SWIFT_ACTIVE_COMPILATION_CONDITIONS = DEBUG;
				SWIFT_OPTIMIZATION_LEVEL = "-Onone";
			};
			name = Debug;
		};
		F8157A2A23FBA94C00FD864C /* Release */ = {
			isa = XCBuildConfiguration;
			buildSettings = {
				ALWAYS_SEARCH_USER_PATHS = NO;
				CLANG_ANALYZER_LOCALIZABILITY_NONLOCALIZED = YES;
				CLANG_ANALYZER_NONNULL = YES;
				CLANG_ANALYZER_NUMBER_OBJECT_CONVERSION = YES_AGGRESSIVE;
				CLANG_CXX_LANGUAGE_STANDARD = "gnu++14";
				CLANG_CXX_LIBRARY = "libc++";
				CLANG_ENABLE_MODULES = YES;
				CLANG_ENABLE_OBJC_ARC = YES;
				CLANG_ENABLE_OBJC_WEAK = YES;
				CLANG_WARN_BLOCK_CAPTURE_AUTORELEASING = YES;
				CLANG_WARN_BOOL_CONVERSION = YES;
				CLANG_WARN_COMMA = YES;
				CLANG_WARN_CONSTANT_CONVERSION = YES;
				CLANG_WARN_DEPRECATED_OBJC_IMPLEMENTATIONS = YES;
				CLANG_WARN_DIRECT_OBJC_ISA_USAGE = YES_ERROR;
				CLANG_WARN_DOCUMENTATION_COMMENTS = YES;
				CLANG_WARN_EMPTY_BODY = YES;
				CLANG_WARN_ENUM_CONVERSION = YES;
				CLANG_WARN_INFINITE_RECURSION = YES;
				CLANG_WARN_INT_CONVERSION = YES;
				CLANG_WARN_NON_LITERAL_NULL_CONVERSION = YES;
				CLANG_WARN_OBJC_IMPLICIT_RETAIN_SELF = YES;
				CLANG_WARN_OBJC_LITERAL_CONVERSION = YES;
				CLANG_WARN_OBJC_ROOT_CLASS = YES_ERROR;
				CLANG_WARN_RANGE_LOOP_ANALYSIS = YES;
				CLANG_WARN_STRICT_PROTOTYPES = YES;
				CLANG_WARN_SUSPICIOUS_MOVE = YES;
				CLANG_WARN_UNGUARDED_AVAILABILITY = YES_AGGRESSIVE;
				CLANG_WARN_UNREACHABLE_CODE = YES;
				CLANG_WARN__DUPLICATE_METHOD_MATCH = YES;
				COPY_PHASE_STRIP = NO;
				DEBUG_INFORMATION_FORMAT = "dwarf-with-dsym";
				ENABLE_NS_ASSERTIONS = NO;
				ENABLE_STRICT_OBJC_MSGSEND = YES;
				GCC_C_LANGUAGE_STANDARD = gnu11;
				GCC_NO_COMMON_BLOCKS = YES;
				GCC_WARN_64_TO_32_BIT_CONVERSION = YES;
				GCC_WARN_ABOUT_RETURN_TYPE = YES_ERROR;
				GCC_WARN_UNDECLARED_SELECTOR = YES;
				GCC_WARN_UNINITIALIZED_AUTOS = YES_AGGRESSIVE;
				GCC_WARN_UNUSED_FUNCTION = YES;
				GCC_WARN_UNUSED_VARIABLE = YES;
				IPHONEOS_DEPLOYMENT_TARGET = 13.2;
				MTL_ENABLE_DEBUG_INFO = NO;
				MTL_FAST_MATH = YES;
				SDKROOT = iphoneos;
				SWIFT_COMPILATION_MODE = wholemodule;
				SWIFT_OPTIMIZATION_LEVEL = "-O";
				VALIDATE_PRODUCT = YES;
			};
			name = Release;
		};
		F8157A2C23FBA94C00FD864C /* Debug */ = {
			isa = XCBuildConfiguration;
			buildSettings = {
				ASSETCATALOG_COMPILER_APPICON_NAME = AppIcon;
				CODE_SIGN_STYLE = Automatic;
				DEVELOPMENT_TEAM = RP4H9HU9UN;
				INFOPLIST_FILE = thesis/Info.plist;
				IPHONEOS_DEPLOYMENT_TARGET = 13.4;
				LD_RUNPATH_SEARCH_PATHS = (
					"$(inherited)",
					"@executable_path/Frameworks",
				);
				PRODUCT_BUNDLE_IDENTIFIER = yangfourone.thesis;
				PRODUCT_NAME = "Recog Me";
				SWIFT_VERSION = 5.0;
				TARGETED_DEVICE_FAMILY = "1,2";
			};
			name = Debug;
		};
		F8157A2D23FBA94C00FD864C /* Release */ = {
			isa = XCBuildConfiguration;
			buildSettings = {
				ASSETCATALOG_COMPILER_APPICON_NAME = AppIcon;
				CODE_SIGN_STYLE = Automatic;
				DEVELOPMENT_TEAM = RP4H9HU9UN;
				INFOPLIST_FILE = thesis/Info.plist;
				IPHONEOS_DEPLOYMENT_TARGET = 13.4;
				LD_RUNPATH_SEARCH_PATHS = (
					"$(inherited)",
					"@executable_path/Frameworks",
				);
				PRODUCT_BUNDLE_IDENTIFIER = yangfourone.thesis;
				PRODUCT_NAME = "Recog Me";
				SWIFT_VERSION = 5.0;
				TARGETED_DEVICE_FAMILY = "1,2";
			};
			name = Release;
		};
		F8157A2F23FBA94C00FD864C /* Debug */ = {
			isa = XCBuildConfiguration;
			buildSettings = {
				ALWAYS_EMBED_SWIFT_STANDARD_LIBRARIES = YES;
				BUNDLE_LOADER = "$(TEST_HOST)";
				CODE_SIGN_STYLE = Automatic;
				DEVELOPMENT_TEAM = RP4H9HU9UN;
				INFOPLIST_FILE = thesisTests/Info.plist;
				IPHONEOS_DEPLOYMENT_TARGET = 13.2;
				LD_RUNPATH_SEARCH_PATHS = (
					"$(inherited)",
					"@executable_path/Frameworks",
					"@loader_path/Frameworks",
				);
				PRODUCT_BUNDLE_IDENTIFIER = yangfourone.thesisTests;
				PRODUCT_NAME = "$(TARGET_NAME)";
				SWIFT_VERSION = 5.0;
				TARGETED_DEVICE_FAMILY = "1,2";
				TEST_HOST = "$(BUILT_PRODUCTS_DIR)/thesis.app/thesis";
			};
			name = Debug;
		};
		F8157A3023FBA94C00FD864C /* Release */ = {
			isa = XCBuildConfiguration;
			buildSettings = {
				ALWAYS_EMBED_SWIFT_STANDARD_LIBRARIES = YES;
				BUNDLE_LOADER = "$(TEST_HOST)";
				CODE_SIGN_STYLE = Automatic;
				DEVELOPMENT_TEAM = RP4H9HU9UN;
				INFOPLIST_FILE = thesisTests/Info.plist;
				IPHONEOS_DEPLOYMENT_TARGET = 13.2;
				LD_RUNPATH_SEARCH_PATHS = (
					"$(inherited)",
					"@executable_path/Frameworks",
					"@loader_path/Frameworks",
				);
				PRODUCT_BUNDLE_IDENTIFIER = yangfourone.thesisTests;
				PRODUCT_NAME = "$(TARGET_NAME)";
				SWIFT_VERSION = 5.0;
				TARGETED_DEVICE_FAMILY = "1,2";
				TEST_HOST = "$(BUILT_PRODUCTS_DIR)/thesis.app/thesis";
			};
			name = Release;
		};
		F8157A3223FBA94C00FD864C /* Debug */ = {
			isa = XCBuildConfiguration;
			buildSettings = {
				ALWAYS_EMBED_SWIFT_STANDARD_LIBRARIES = YES;
				CODE_SIGN_STYLE = Automatic;
				DEVELOPMENT_TEAM = RP4H9HU9UN;
				INFOPLIST_FILE = thesisUITests/Info.plist;
				LD_RUNPATH_SEARCH_PATHS = (
					"$(inherited)",
					"@executable_path/Frameworks",
					"@loader_path/Frameworks",
				);
				PRODUCT_BUNDLE_IDENTIFIER = yangfourone.thesisUITests;
				PRODUCT_NAME = "$(TARGET_NAME)";
				SWIFT_VERSION = 5.0;
				TARGETED_DEVICE_FAMILY = "1,2";
				TEST_TARGET_NAME = thesis;
			};
			name = Debug;
		};
		F8157A3323FBA94C00FD864C /* Release */ = {
			isa = XCBuildConfiguration;
			buildSettings = {
				ALWAYS_EMBED_SWIFT_STANDARD_LIBRARIES = YES;
				CODE_SIGN_STYLE = Automatic;
				DEVELOPMENT_TEAM = RP4H9HU9UN;
				INFOPLIST_FILE = thesisUITests/Info.plist;
				LD_RUNPATH_SEARCH_PATHS = (
					"$(inherited)",
					"@executable_path/Frameworks",
					"@loader_path/Frameworks",
				);
				PRODUCT_BUNDLE_IDENTIFIER = yangfourone.thesisUITests;
				PRODUCT_NAME = "$(TARGET_NAME)";
				SWIFT_VERSION = 5.0;
				TARGETED_DEVICE_FAMILY = "1,2";
				TEST_TARGET_NAME = thesis;
			};
			name = Release;
		};
/* End XCBuildConfiguration section */

/* Begin XCConfigurationList section */
		F81579FC23FBA94900FD864C /* Build configuration list for PBXProject "thesis" */ = {
			isa = XCConfigurationList;
			buildConfigurations = (
				F8157A2923FBA94C00FD864C /* Debug */,
				F8157A2A23FBA94C00FD864C /* Release */,
			);
			defaultConfigurationIsVisible = 0;
			defaultConfigurationName = Release;
		};
		F8157A2B23FBA94C00FD864C /* Build configuration list for PBXNativeTarget "thesis" */ = {
			isa = XCConfigurationList;
			buildConfigurations = (
				F8157A2C23FBA94C00FD864C /* Debug */,
				F8157A2D23FBA94C00FD864C /* Release */,
			);
			defaultConfigurationIsVisible = 0;
			defaultConfigurationName = Release;
		};
		F8157A2E23FBA94C00FD864C /* Build configuration list for PBXNativeTarget "thesisTests" */ = {
			isa = XCConfigurationList;
			buildConfigurations = (
				F8157A2F23FBA94C00FD864C /* Debug */,
				F8157A3023FBA94C00FD864C /* Release */,
			);
			defaultConfigurationIsVisible = 0;
			defaultConfigurationName = Release;
		};
		F8157A3123FBA94C00FD864C /* Build configuration list for PBXNativeTarget "thesisUITests" */ = {
			isa = XCConfigurationList;
			buildConfigurations = (
				F8157A3223FBA94C00FD864C /* Debug */,
				F8157A3323FBA94C00FD864C /* Release */,
			);
			defaultConfigurationIsVisible = 0;
			defaultConfigurationName = Release;
		};
/* End XCConfigurationList section */
	};
	rootObject = F81579F923FBA94900FD864C /* Project object */;
}
